// !$*UTF8*$!
{
	archiveVersion = 1;
	classes = {
	};
	objectVersion = 51;
	objects = {

/* Begin PBXBuildFile section */
		26B9CEB6C54F8E64C379D9F3 /* Pods_EladTraining.framework in Frameworks */ = {isa = PBXBuildFile; fileRef = 02B18391A41BFF3933274FD4 /* Pods_EladTraining.framework */; };
		BF01ACD42581460F004DD088 /* CreateProfileViewController.swift in Sources */ = {isa = PBXBuildFile; fileRef = BF01ACD32581460F004DD088 /* CreateProfileViewController.swift */; };
		BF04E14525C7D74E00BF05F5 /* InternetConnectivity.swift in Sources */ = {isa = PBXBuildFile; fileRef = BF04E14425C7D74D00BF05F5 /* InternetConnectivity.swift */; };
		BF058BEC258BC33A00F15055 /* CardViewTabUi.swift in Sources */ = {isa = PBXBuildFile; fileRef = BF058BEB258BC33A00F15055 /* CardViewTabUi.swift */; };
		BF058BEF258BD4AC00F15055 /* CustomCard.swift in Sources */ = {isa = PBXBuildFile; fileRef = BF058BEE258BD4AC00F15055 /* CustomCard.swift */; };
		BF355865257E90E800EA1CCE /* AppDelegate.swift in Sources */ = {isa = PBXBuildFile; fileRef = BF355864257E90E800EA1CCE /* AppDelegate.swift */; };
		BF355867257E90E800EA1CCE /* SceneDelegate.swift in Sources */ = {isa = PBXBuildFile; fileRef = BF355866257E90E800EA1CCE /* SceneDelegate.swift */; };
		BF355869257E90E800EA1CCE /* ViewController.swift in Sources */ = {isa = PBXBuildFile; fileRef = BF355868257E90E800EA1CCE /* ViewController.swift */; };
		BF35586C257E90E800EA1CCE /* Main.storyboard in Resources */ = {isa = PBXBuildFile; fileRef = BF35586A257E90E800EA1CCE /* Main.storyboard */; };
		BF35586E257E90EA00EA1CCE /* Assets.xcassets in Resources */ = {isa = PBXBuildFile; fileRef = BF35586D257E90EA00EA1CCE /* Assets.xcassets */; };
		BF355871257E90EA00EA1CCE /* LaunchScreen.storyboard in Resources */ = {isa = PBXBuildFile; fileRef = BF35586F257E90EA00EA1CCE /* LaunchScreen.storyboard */; };
		BF35587C257E93F400EA1CCE /* LoginViewController.swift in Sources */ = {isa = PBXBuildFile; fileRef = BF35587B257E93F400EA1CCE /* LoginViewController.swift */; };
		BF355881257E986F00EA1CCE /* GradientView.swift in Sources */ = {isa = PBXBuildFile; fileRef = BF355880257E986F00EA1CCE /* GradientView.swift */; };
		BF4286FC25A81BA700BDAC68 /* NewsModel.swift in Sources */ = {isa = PBXBuildFile; fileRef = BF4286FB25A81BA700BDAC68 /* NewsModel.swift */; };
		BF4286FF25A836D000BDAC68 /* HomeTableViewCell.swift in Sources */ = {isa = PBXBuildFile; fileRef = BF4286FE25A836D000BDAC68 /* HomeTableViewCell.swift */; };
		BF4BA6542591BC41007DD2BE /* FontChanger.swift in Sources */ = {isa = PBXBuildFile; fileRef = BF4BA6532591BC41007DD2BE /* FontChanger.swift */; };
		BF52987E2584CD4300D41B1F /* SuperHomeViewController.swift in Sources */ = {isa = PBXBuildFile; fileRef = BF52987D2584CD4300D41B1F /* SuperHomeViewController.swift */; };
		BF5298832584D1AF00D41B1F /* HomeViewController.swift in Sources */ = {isa = PBXBuildFile; fileRef = BF5298822584D1AF00D41B1F /* HomeViewController.swift */; };
		BF5298862584D1C100D41B1F /* ScheduleViewController.swift in Sources */ = {isa = PBXBuildFile; fileRef = BF5298852584D1C100D41B1F /* ScheduleViewController.swift */; };
		BF5298892584D1D100D41B1F /* MyClassesViewController.swift in Sources */ = {isa = PBXBuildFile; fileRef = BF5298882584D1D100D41B1F /* MyClassesViewController.swift */; };
		BF52988C2584D1DF00D41B1F /* MoreViewController.swift in Sources */ = {isa = PBXBuildFile; fileRef = BF52988B2584D1DF00D41B1F /* MoreViewController.swift */; };
		BF59996525934FE900212BEB /* UserModel.swift in Sources */ = {isa = PBXBuildFile; fileRef = BF59996425934FE900212BEB /* UserModel.swift */; };
		BF62D69925DE8817009299A9 /* TrialViewController.swift in Sources */ = {isa = PBXBuildFile; fileRef = BF62D69825DE8817009299A9 /* TrialViewController.swift */; };
		BF6A6C7F258401320008D4BA /* PaddingFields.swift in Sources */ = {isa = PBXBuildFile; fileRef = BF6A6C7E258401320008D4BA /* PaddingFields.swift */; };
		BF72DEA7259271EC00D4AFD5 /* DateExt.swift in Sources */ = {isa = PBXBuildFile; fileRef = BF72DEA6259271EC00D4AFD5 /* DateExt.swift */; };
		BF75696E257F6AF400F4F45A /* TextViewPadding.swift in Sources */ = {isa = PBXBuildFile; fileRef = BF75696D257F6AF400F4F45A /* TextViewPadding.swift */; };
		BF7F5AF3258FB3CB002F68B1 /* DemoFoldingCell.swift in Sources */ = {isa = PBXBuildFile; fileRef = BF7F5AF2258FB3CB002F68B1 /* DemoFoldingCell.swift */; };
		BF7F5AF6258FB750002F68B1 /* MyClassesModel.swift in Sources */ = {isa = PBXBuildFile; fileRef = BF7F5AF5258FB750002F68B1 /* MyClassesModel.swift */; };
		BF7F5AF9258FBCDA002F68B1 /* MyClassesCellTableViewCell.swift in Sources */ = {isa = PBXBuildFile; fileRef = BF7F5AF8258FBCDA002F68B1 /* MyClassesCellTableViewCell.swift */; };
		BF8187A3258A31B9006482C6 /* ScheduleModel.swift in Sources */ = {isa = PBXBuildFile; fileRef = BF8187A2258A31B9006482C6 /* ScheduleModel.swift */; };
		BF8187EC258A7DEC006482C6 /* ScheduleTableViewCell.swift in Sources */ = {isa = PBXBuildFile; fileRef = BF8187EB258A7DEC006482C6 /* ScheduleTableViewCell.swift */; };
		BF93E46C25BEA8FA003DAB4F /* ProfileTableCell.swift in Sources */ = {isa = PBXBuildFile; fileRef = BF93E46B25BEA8FA003DAB4F /* ProfileTableCell.swift */; };
		BF93E46F25BECCFF003DAB4F /* DateDif.swift in Sources */ = {isa = PBXBuildFile; fileRef = BF93E46E25BECCFF003DAB4F /* DateDif.swift */; };
		BF93E47225BED5C3003DAB4F /* TstoDate.swift in Sources */ = {isa = PBXBuildFile; fileRef = BF93E47125BED5C3003DAB4F /* TstoDate.swift */; };
		BFC4F2DA257FD4DB00C85267 /* GoogleService-Info.plist in Resources */ = {isa = PBXBuildFile; fileRef = BFC4F2D9257FD4DB00C85267 /* GoogleService-Info.plist */; };
		BFC9225A25800E1400731EDB /* VerifyOtpViewController.swift in Sources */ = {isa = PBXBuildFile; fileRef = BFC9225925800E1400731EDB /* VerifyOtpViewController.swift */; };
		BFCEB065258886E000D73D39 /* Poppins-SemiBold.ttf in Resources */ = {isa = PBXBuildFile; fileRef = BFCEB05F258886DF00D73D39 /* Poppins-SemiBold.ttf */; };
		BFCEB066258886E000D73D39 /* Poppins-Black.ttf in Resources */ = {isa = PBXBuildFile; fileRef = BFCEB060258886DF00D73D39 /* Poppins-Black.ttf */; };
		BFCEB067258886E000D73D39 /* Poppins-Bold.ttf in Resources */ = {isa = PBXBuildFile; fileRef = BFCEB061258886E000D73D39 /* Poppins-Bold.ttf */; };
		BFCEB068258886E000D73D39 /* Poppins-Light.ttf in Resources */ = {isa = PBXBuildFile; fileRef = BFCEB062258886E000D73D39 /* Poppins-Light.ttf */; };
		BFCEB069258886E000D73D39 /* Poppins-Regular.ttf in Resources */ = {isa = PBXBuildFile; fileRef = BFCEB063258886E000D73D39 /* Poppins-Regular.ttf */; };
		BFCEB06A258886E000D73D39 /* Poppins-Medium.ttf in Resources */ = {isa = PBXBuildFile; fileRef = BFCEB064258886E000D73D39 /* Poppins-Medium.ttf */; };
		BFE3899E25AB179900773288 /* dec.png in Resources */ = {isa = PBXBuildFile; fileRef = BFE3899D25AB179900773288 /* dec.png */; };
		BFE406AF2591177100654944 /* IndicatorExtension.swift in Sources */ = {isa = PBXBuildFile; fileRef = BFE406AE2591177100654944 /* IndicatorExtension.swift */; };
		BFFB1D092582A31600329BDD /* KeyboardHide.swift in Sources */ = {isa = PBXBuildFile; fileRef = BFFB1D082582A31600329BDD /* KeyboardHide.swift */; };
/* End PBXBuildFile section */

/* Begin PBXFileReference section */
		02B18391A41BFF3933274FD4 /* Pods_EladTraining.framework */ = {isa = PBXFileReference; explicitFileType = wrapper.framework; includeInIndex = 0; path = Pods_EladTraining.framework; sourceTree = BUILT_PRODUCTS_DIR; };
		7BE88214F8173EA342F16F3C /* Pods-EladTraining.release.xcconfig */ = {isa = PBXFileReference; includeInIndex = 1; lastKnownFileType = text.xcconfig; name = "Pods-EladTraining.release.xcconfig"; path = "Target Support Files/Pods-EladTraining/Pods-EladTraining.release.xcconfig"; sourceTree = "<group>"; };
		8641F4EBCBB47C736A0ADDC1 /* Pods-EladTraining.debug.xcconfig */ = {isa = PBXFileReference; includeInIndex = 1; lastKnownFileType = text.xcconfig; name = "Pods-EladTraining.debug.xcconfig"; path = "Target Support Files/Pods-EladTraining/Pods-EladTraining.debug.xcconfig"; sourceTree = "<group>"; };
		BF01ACD32581460F004DD088 /* CreateProfileViewController.swift */ = {isa = PBXFileReference; lastKnownFileType = sourcecode.swift; path = CreateProfileViewController.swift; sourceTree = "<group>"; };
		BF04E14425C7D74D00BF05F5 /* InternetConnectivity.swift */ = {isa = PBXFileReference; lastKnownFileType = sourcecode.swift; path = InternetConnectivity.swift; sourceTree = "<group>"; };
		BF058BEB258BC33A00F15055 /* CardViewTabUi.swift */ = {isa = PBXFileReference; lastKnownFileType = sourcecode.swift; path = CardViewTabUi.swift; sourceTree = "<group>"; };
		BF058BEE258BD4AC00F15055 /* CustomCard.swift */ = {isa = PBXFileReference; lastKnownFileType = sourcecode.swift; path = CustomCard.swift; sourceTree = "<group>"; };
		BF355861257E90E800EA1CCE /* EladTraining.app */ = {isa = PBXFileReference; explicitFileType = wrapper.application; includeInIndex = 0; path = EladTraining.app; sourceTree = BUILT_PRODUCTS_DIR; };
		BF355864257E90E800EA1CCE /* AppDelegate.swift */ = {isa = PBXFileReference; lastKnownFileType = sourcecode.swift; path = AppDelegate.swift; sourceTree = "<group>"; };
		BF355866257E90E800EA1CCE /* SceneDelegate.swift */ = {isa = PBXFileReference; lastKnownFileType = sourcecode.swift; path = SceneDelegate.swift; sourceTree = "<group>"; };
		BF355868257E90E800EA1CCE /* ViewController.swift */ = {isa = PBXFileReference; lastKnownFileType = sourcecode.swift; path = ViewController.swift; sourceTree = "<group>"; };
		BF35586B257E90E800EA1CCE /* Base */ = {isa = PBXFileReference; lastKnownFileType = file.storyboard; name = Base; path = Base.lproj/Main.storyboard; sourceTree = "<group>"; };
		BF35586D257E90EA00EA1CCE /* Assets.xcassets */ = {isa = PBXFileReference; lastKnownFileType = folder.assetcatalog; path = Assets.xcassets; sourceTree = "<group>"; };
		BF355870257E90EA00EA1CCE /* Base */ = {isa = PBXFileReference; lastKnownFileType = file.storyboard; name = Base; path = Base.lproj/LaunchScreen.storyboard; sourceTree = "<group>"; };
		BF355872257E90EA00EA1CCE /* Info.plist */ = {isa = PBXFileReference; lastKnownFileType = text.plist.xml; path = Info.plist; sourceTree = "<group>"; };
		BF35587B257E93F400EA1CCE /* LoginViewController.swift */ = {isa = PBXFileReference; lastKnownFileType = sourcecode.swift; path = LoginViewController.swift; sourceTree = "<group>"; };
		BF355880257E986F00EA1CCE /* GradientView.swift */ = {isa = PBXFileReference; lastKnownFileType = sourcecode.swift; path = GradientView.swift; sourceTree = "<group>"; };
		BF4286FB25A81BA700BDAC68 /* NewsModel.swift */ = {isa = PBXFileReference; lastKnownFileType = sourcecode.swift; path = NewsModel.swift; sourceTree = "<group>"; };
		BF4286FE25A836D000BDAC68 /* HomeTableViewCell.swift */ = {isa = PBXFileReference; lastKnownFileType = sourcecode.swift; path = HomeTableViewCell.swift; sourceTree = "<group>"; };
		BF4BA6532591BC41007DD2BE /* FontChanger.swift */ = {isa = PBXFileReference; lastKnownFileType = sourcecode.swift; path = FontChanger.swift; sourceTree = "<group>"; };
		BF52987D2584CD4300D41B1F /* SuperHomeViewController.swift */ = {isa = PBXFileReference; lastKnownFileType = sourcecode.swift; path = SuperHomeViewController.swift; sourceTree = "<group>"; };
		BF5298822584D1AF00D41B1F /* HomeViewController.swift */ = {isa = PBXFileReference; lastKnownFileType = sourcecode.swift; path = HomeViewController.swift; sourceTree = "<group>"; };
		BF5298852584D1C100D41B1F /* ScheduleViewController.swift */ = {isa = PBXFileReference; lastKnownFileType = sourcecode.swift; path = ScheduleViewController.swift; sourceTree = "<group>"; };
		BF5298882584D1D100D41B1F /* MyClassesViewController.swift */ = {isa = PBXFileReference; lastKnownFileType = sourcecode.swift; path = MyClassesViewController.swift; sourceTree = "<group>"; };
		BF52988B2584D1DF00D41B1F /* MoreViewController.swift */ = {isa = PBXFileReference; lastKnownFileType = sourcecode.swift; path = MoreViewController.swift; sourceTree = "<group>"; };
		BF59996425934FE900212BEB /* UserModel.swift */ = {isa = PBXFileReference; lastKnownFileType = sourcecode.swift; path = UserModel.swift; sourceTree = "<group>"; };
		BF62D69825DE8817009299A9 /* TrialViewController.swift */ = {isa = PBXFileReference; lastKnownFileType = sourcecode.swift; path = TrialViewController.swift; sourceTree = "<group>"; };
		BF6A6C7E258401320008D4BA /* PaddingFields.swift */ = {isa = PBXFileReference; lastKnownFileType = sourcecode.swift; path = PaddingFields.swift; sourceTree = "<group>"; };
		BF72DEA6259271EC00D4AFD5 /* DateExt.swift */ = {isa = PBXFileReference; lastKnownFileType = sourcecode.swift; path = DateExt.swift; sourceTree = "<group>"; };
		BF75696D257F6AF400F4F45A /* TextViewPadding.swift */ = {isa = PBXFileReference; lastKnownFileType = sourcecode.swift; path = TextViewPadding.swift; sourceTree = "<group>"; };
		BF7F5AF2258FB3CB002F68B1 /* DemoFoldingCell.swift */ = {isa = PBXFileReference; lastKnownFileType = sourcecode.swift; path = DemoFoldingCell.swift; sourceTree = "<group>"; };
		BF7F5AF5258FB750002F68B1 /* MyClassesModel.swift */ = {isa = PBXFileReference; lastKnownFileType = sourcecode.swift; path = MyClassesModel.swift; sourceTree = "<group>"; };
		BF7F5AF8258FBCDA002F68B1 /* MyClassesCellTableViewCell.swift */ = {isa = PBXFileReference; lastKnownFileType = sourcecode.swift; path = MyClassesCellTableViewCell.swift; sourceTree = "<group>"; };
		BF8187A2258A31B9006482C6 /* ScheduleModel.swift */ = {isa = PBXFileReference; lastKnownFileType = sourcecode.swift; path = ScheduleModel.swift; sourceTree = "<group>"; };
		BF8187EB258A7DEC006482C6 /* ScheduleTableViewCell.swift */ = {isa = PBXFileReference; lastKnownFileType = sourcecode.swift; path = ScheduleTableViewCell.swift; sourceTree = "<group>"; };
		BF93E46B25BEA8FA003DAB4F /* ProfileTableCell.swift */ = {isa = PBXFileReference; lastKnownFileType = sourcecode.swift; path = ProfileTableCell.swift; sourceTree = "<group>"; };
		BF93E46E25BECCFF003DAB4F /* DateDif.swift */ = {isa = PBXFileReference; lastKnownFileType = sourcecode.swift; path = DateDif.swift; sourceTree = "<group>"; };
		BF93E47125BED5C3003DAB4F /* TstoDate.swift */ = {isa = PBXFileReference; lastKnownFileType = sourcecode.swift; path = TstoDate.swift; sourceTree = "<group>"; };
		BF9B599A25C147D200DD8218 /* EladTraining.entitlements */ = {isa = PBXFileReference; lastKnownFileType = text.plist.entitlements; path = EladTraining.entitlements; sourceTree = "<group>"; };
		BFC4F2D9257FD4DB00C85267 /* GoogleService-Info.plist */ = {isa = PBXFileReference; fileEncoding = 4; lastKnownFileType = text.plist.xml; path = "GoogleService-Info.plist"; sourceTree = "<group>"; };
		BFC9225925800E1400731EDB /* VerifyOtpViewController.swift */ = {isa = PBXFileReference; lastKnownFileType = sourcecode.swift; path = VerifyOtpViewController.swift; sourceTree = "<group>"; };
		BFCEB05F258886DF00D73D39 /* Poppins-SemiBold.ttf */ = {isa = PBXFileReference; lastKnownFileType = file; path = "Poppins-SemiBold.ttf"; sourceTree = "<group>"; };
		BFCEB060258886DF00D73D39 /* Poppins-Black.ttf */ = {isa = PBXFileReference; lastKnownFileType = file; path = "Poppins-Black.ttf"; sourceTree = "<group>"; };
		BFCEB061258886E000D73D39 /* Poppins-Bold.ttf */ = {isa = PBXFileReference; lastKnownFileType = file; path = "Poppins-Bold.ttf"; sourceTree = "<group>"; };
		BFCEB062258886E000D73D39 /* Poppins-Light.ttf */ = {isa = PBXFileReference; lastKnownFileType = file; path = "Poppins-Light.ttf"; sourceTree = "<group>"; };
		BFCEB063258886E000D73D39 /* Poppins-Regular.ttf */ = {isa = PBXFileReference; lastKnownFileType = file; path = "Poppins-Regular.ttf"; sourceTree = "<group>"; };
		BFCEB064258886E000D73D39 /* Poppins-Medium.ttf */ = {isa = PBXFileReference; lastKnownFileType = file; path = "Poppins-Medium.ttf"; sourceTree = "<group>"; };
		BFE3899D25AB179900773288 /* dec.png */ = {isa = PBXFileReference; lastKnownFileType = image.png; path = dec.png; sourceTree = "<group>"; };
		BFE406AE2591177100654944 /* IndicatorExtension.swift */ = {isa = PBXFileReference; lastKnownFileType = sourcecode.swift; path = IndicatorExtension.swift; sourceTree = "<group>"; };
		BFFB1D082582A31600329BDD /* KeyboardHide.swift */ = {isa = PBXFileReference; lastKnownFileType = sourcecode.swift; path = KeyboardHide.swift; sourceTree = "<group>"; };
/* End PBXFileReference section */

/* Begin PBXFrameworksBuildPhase section */
		BF35585E257E90E800EA1CCE /* Frameworks */ = {
			isa = PBXFrameworksBuildPhase;
			buildActionMask = 2147483647;
			files = (
				26B9CEB6C54F8E64C379D9F3 /* Pods_EladTraining.framework in Frameworks */,
			);
			runOnlyForDeploymentPostprocessing = 0;
		};
/* End PBXFrameworksBuildPhase section */

/* Begin PBXGroup section */
		1754BC223B9AB805D6EF4F7E /* Frameworks */ = {
			isa = PBXGroup;
			children = (
				02B18391A41BFF3933274FD4 /* Pods_EladTraining.framework */,
			);
			name = Frameworks;
			sourceTree = "<group>";
		};
		BF355858257E90E800EA1CCE = {
			isa = PBXGroup;
			children = (
				BF355863257E90E800EA1CCE /* EladTraining */,
				BF355862257E90E800EA1CCE /* Products */,
				F1CB3A75EBCE7EE52C57EF7A /* Pods */,
				1754BC223B9AB805D6EF4F7E /* Frameworks */,
			);
			sourceTree = "<group>";
		};
		BF355862257E90E800EA1CCE /* Products */ = {
			isa = PBXGroup;
			children = (
				BF355861257E90E800EA1CCE /* EladTraining.app */,
			);
			name = Products;
			sourceTree = "<group>";
		};
		BF355863257E90E800EA1CCE /* EladTraining */ = {
			isa = PBXGroup;
			children = (
				BFEA96BB25C3ECDA00A93C8F /* CellGens */,
				BF9B599A25C147D200DD8218 /* EladTraining.entitlements */,
				BF50001125A5DD87005E6B6F /* res */,
				BF8187A5258A31E8006482C6 /* viewControllers */,
				BF8187A0258A319B006482C6 /* Models */,
				BFCEB05E2588865300D73D39 /* Fonts */,
				BF5298802584D12800D41B1F /* Tabs */,
				BFFB1D072582A30400329BDD /* extensions */,
				BFC4F2D9257FD4DB00C85267 /* GoogleService-Info.plist */,
				BF355864257E90E800EA1CCE /* AppDelegate.swift */,
				BF355866257E90E800EA1CCE /* SceneDelegate.swift */,
				BF35586A257E90E800EA1CCE /* Main.storyboard */,
				BF35586D257E90EA00EA1CCE /* Assets.xcassets */,
				BF35586F257E90EA00EA1CCE /* LaunchScreen.storyboard */,
				BF355872257E90EA00EA1CCE /* Info.plist */,
			);
			path = EladTraining;
			sourceTree = "<group>";
		};
		BF50001125A5DD87005E6B6F /* res */ = {
			isa = PBXGroup;
			children = (
				BFE3899D25AB179900773288 /* dec.png */,
			);
			path = res;
			sourceTree = "<group>";
		};
		BF5298802584D12800D41B1F /* Tabs */ = {
			isa = PBXGroup;
			children = (
				BF5298822584D1AF00D41B1F /* HomeViewController.swift */,
				BF5298852584D1C100D41B1F /* ScheduleViewController.swift */,
				BF5298882584D1D100D41B1F /* MyClassesViewController.swift */,
				BF52988B2584D1DF00D41B1F /* MoreViewController.swift */,
			);
			path = Tabs;
			sourceTree = "<group>";
		};
		BF8187A0258A319B006482C6 /* Models */ = {
			isa = PBXGroup;
			children = (
				BF8187A2258A31B9006482C6 /* ScheduleModel.swift */,
				BF7F5AF2258FB3CB002F68B1 /* DemoFoldingCell.swift */,
				BF7F5AF5258FB750002F68B1 /* MyClassesModel.swift */,
				BF59996425934FE900212BEB /* UserModel.swift */,
				BF4286FB25A81BA700BDAC68 /* NewsModel.swift */,
			);
			path = Models;
			sourceTree = "<group>";
		};
		BF8187A5258A31E8006482C6 /* viewControllers */ = {
			isa = PBXGroup;
			children = (
				BF35587B257E93F400EA1CCE /* LoginViewController.swift */,
				BF355868257E90E800EA1CCE /* ViewController.swift */,
				BFC9225925800E1400731EDB /* VerifyOtpViewController.swift */,
				BF01ACD32581460F004DD088 /* CreateProfileViewController.swift */,
				BF52987D2584CD4300D41B1F /* SuperHomeViewController.swift */,
				BF62D69825DE8817009299A9 /* TrialViewController.swift */,
			);
			path = viewControllers;
			sourceTree = "<group>";
		};
		BFCEB05E2588865300D73D39 /* Fonts */ = {
			isa = PBXGroup;
			children = (
				BFCEB060258886DF00D73D39 /* Poppins-Black.ttf */,
				BFCEB061258886E000D73D39 /* Poppins-Bold.ttf */,
				BFCEB062258886E000D73D39 /* Poppins-Light.ttf */,
				BFCEB064258886E000D73D39 /* Poppins-Medium.ttf */,
				BFCEB063258886E000D73D39 /* Poppins-Regular.ttf */,
				BFCEB05F258886DF00D73D39 /* Poppins-SemiBold.ttf */,
			);
			path = Fonts;
			sourceTree = "<group>";
		};
		BFEA96BB25C3ECDA00A93C8F /* CellGens */ = {
			isa = PBXGroup;
			children = (
				BF8187EB258A7DEC006482C6 /* ScheduleTableViewCell.swift */,
				BF7F5AF8258FBCDA002F68B1 /* MyClassesCellTableViewCell.swift */,
				BF4286FE25A836D000BDAC68 /* HomeTableViewCell.swift */,
				BF93E46B25BEA8FA003DAB4F /* ProfileTableCell.swift */,
			);
			path = CellGens;
			sourceTree = "<group>";
		};
		BFFB1D072582A30400329BDD /* extensions */ = {
			isa = PBXGroup;
			children = (
				BF355880257E986F00EA1CCE /* GradientView.swift */,
				BF75696D257F6AF400F4F45A /* TextViewPadding.swift */,
				BF6A6C7E258401320008D4BA /* PaddingFields.swift */,
				BFFB1D082582A31600329BDD /* KeyboardHide.swift */,
				BF058BEB258BC33A00F15055 /* CardViewTabUi.swift */,
				BF058BEE258BD4AC00F15055 /* CustomCard.swift */,
				BFE406AE2591177100654944 /* IndicatorExtension.swift */,
				BF4BA6532591BC41007DD2BE /* FontChanger.swift */,
				BF72DEA6259271EC00D4AFD5 /* DateExt.swift */,
				BF93E46E25BECCFF003DAB4F /* DateDif.swift */,
				BF93E47125BED5C3003DAB4F /* TstoDate.swift */,
				BF04E14425C7D74D00BF05F5 /* InternetConnectivity.swift */,
			);
			path = extensions;
			sourceTree = "<group>";
		};
		F1CB3A75EBCE7EE52C57EF7A /* Pods */ = {
			isa = PBXGroup;
			children = (
				8641F4EBCBB47C736A0ADDC1 /* Pods-EladTraining.debug.xcconfig */,
				7BE88214F8173EA342F16F3C /* Pods-EladTraining.release.xcconfig */,
			);
			path = Pods;
			sourceTree = "<group>";
		};
/* End PBXGroup section */

/* Begin PBXNativeTarget section */
		BF355860257E90E800EA1CCE /* EladTraining */ = {
			isa = PBXNativeTarget;
			buildConfigurationList = BF355875257E90EA00EA1CCE /* Build configuration list for PBXNativeTarget "EladTraining" */;
			buildPhases = (
				DA6F9365218C14C626CCC21E /* [CP] Check Pods Manifest.lock */,
				BF35585D257E90E800EA1CCE /* Sources */,
				BF35585E257E90E800EA1CCE /* Frameworks */,
				BF35585F257E90E800EA1CCE /* Resources */,
				08E3F8E9BF451AA77ABE261A /* [CP] Embed Pods Frameworks */,
			);
			buildRules = (
			);
			dependencies = (
			);
			name = EladTraining;
			productName = EladTraining;
			productReference = BF355861257E90E800EA1CCE /* EladTraining.app */;
			productType = "com.apple.product-type.application";
		};
/* End PBXNativeTarget section */

/* Begin PBXProject section */
		BF355859257E90E800EA1CCE /* Project object */ = {
			isa = PBXProject;
			attributes = {
				LastSwiftUpdateCheck = 1220;
				LastUpgradeCheck = 1220;
				TargetAttributes = {
					BF355860257E90E800EA1CCE = {
						CreatedOnToolsVersion = 12.2;
					};
				};
			};
			buildConfigurationList = BF35585C257E90E800EA1CCE /* Build configuration list for PBXProject "EladTraining" */;
			compatibilityVersion = "Xcode 9.3";
			developmentRegion = en;
			hasScannedForEncodings = 0;
			knownRegions = (
				en,
				Base,
			);
			mainGroup = BF355858257E90E800EA1CCE;
			productRefGroup = BF355862257E90E800EA1CCE /* Products */;
			projectDirPath = "";
			projectRoot = "";
			targets = (
				BF355860257E90E800EA1CCE /* EladTraining */,
			);
		};
/* End PBXProject section */

/* Begin PBXResourcesBuildPhase section */
		BF35585F257E90E800EA1CCE /* Resources */ = {
			isa = PBXResourcesBuildPhase;
			buildActionMask = 2147483647;
			files = (
				BFCEB066258886E000D73D39 /* Poppins-Black.ttf in Resources */,
				BFCEB065258886E000D73D39 /* Poppins-SemiBold.ttf in Resources */,
				BFCEB067258886E000D73D39 /* Poppins-Bold.ttf in Resources */,
				BFCEB069258886E000D73D39 /* Poppins-Regular.ttf in Resources */,
				BFCEB068258886E000D73D39 /* Poppins-Light.ttf in Resources */,
				BF355871257E90EA00EA1CCE /* LaunchScreen.storyboard in Resources */,
				BFE3899E25AB179900773288 /* dec.png in Resources */,
				BFC4F2DA257FD4DB00C85267 /* GoogleService-Info.plist in Resources */,
				BF35586E257E90EA00EA1CCE /* Assets.xcassets in Resources */,
				BF35586C257E90E800EA1CCE /* Main.storyboard in Resources */,
				BFCEB06A258886E000D73D39 /* Poppins-Medium.ttf in Resources */,
			);
			runOnlyForDeploymentPostprocessing = 0;
		};
/* End PBXResourcesBuildPhase section */

/* Begin PBXShellScriptBuildPhase section */
		08E3F8E9BF451AA77ABE261A /* [CP] Embed Pods Frameworks */ = {
			isa = PBXShellScriptBuildPhase;
			buildActionMask = 2147483647;
			files = (
			);
			inputFileListPaths = (
				"${PODS_ROOT}/Target Support Files/Pods-EladTraining/Pods-EladTraining-frameworks-${CONFIGURATION}-input-files.xcfilelist",
			);
			name = "[CP] Embed Pods Frameworks";
			outputFileListPaths = (
				"${PODS_ROOT}/Target Support Files/Pods-EladTraining/Pods-EladTraining-frameworks-${CONFIGURATION}-output-files.xcfilelist",
			);
			runOnlyForDeploymentPostprocessing = 0;
			shellPath = /bin/sh;
			shellScript = "\"${PODS_ROOT}/Target Support Files/Pods-EladTraining/Pods-EladTraining-frameworks.sh\"\n";
			showEnvVarsInLog = 0;
		};
		DA6F9365218C14C626CCC21E /* [CP] Check Pods Manifest.lock */ = {
			isa = PBXShellScriptBuildPhase;
			buildActionMask = 2147483647;
			files = (
			);
			inputFileListPaths = (
			);
			inputPaths = (
				"${PODS_PODFILE_DIR_PATH}/Podfile.lock",
				"${PODS_ROOT}/Manifest.lock",
			);
			name = "[CP] Check Pods Manifest.lock";
			outputFileListPaths = (
			);
			outputPaths = (
				"$(DERIVED_FILE_DIR)/Pods-EladTraining-checkManifestLockResult.txt",
			);
			runOnlyForDeploymentPostprocessing = 0;
			shellPath = /bin/sh;
			shellScript = "diff \"${PODS_PODFILE_DIR_PATH}/Podfile.lock\" \"${PODS_ROOT}/Manifest.lock\" > /dev/null\nif [ $? != 0 ] ; then\n    # print error to STDERR\n    echo \"error: The sandbox is not in sync with the Podfile.lock. Run 'pod install' or update your CocoaPods installation.\" >&2\n    exit 1\nfi\n# This output is used by Xcode 'outputs' to avoid re-running this script phase.\necho \"SUCCESS\" > \"${SCRIPT_OUTPUT_FILE_0}\"\n";
			showEnvVarsInLog = 0;
		};
/* End PBXShellScriptBuildPhase section */

/* Begin PBXSourcesBuildPhase section */
		BF35585D257E90E800EA1CCE /* Sources */ = {
			isa = PBXSourcesBuildPhase;
			buildActionMask = 2147483647;
			files = (
				BF93E46C25BEA8FA003DAB4F /* ProfileTableCell.swift in Sources */,
				BF6A6C7F258401320008D4BA /* PaddingFields.swift in Sources */,
				BFFB1D092582A31600329BDD /* KeyboardHide.swift in Sources */,
				BF4286FF25A836D000BDAC68 /* HomeTableViewCell.swift in Sources */,
				BF72DEA7259271EC00D4AFD5 /* DateExt.swift in Sources */,
				BF4286FC25A81BA700BDAC68 /* NewsModel.swift in Sources */,
				BF35587C257E93F400EA1CCE /* LoginViewController.swift in Sources */,
				BF62D69925DE8817009299A9 /* TrialViewController.swift in Sources */,
				BF4BA6542591BC41007DD2BE /* FontChanger.swift in Sources */,
				BF5298862584D1C100D41B1F /* ScheduleViewController.swift in Sources */,
				BF058BEF258BD4AC00F15055 /* CustomCard.swift in Sources */,
				BF7F5AF6258FB750002F68B1 /* MyClassesModel.swift in Sources */,
				BF355869257E90E800EA1CCE /* ViewController.swift in Sources */,
				BF75696E257F6AF400F4F45A /* TextViewPadding.swift in Sources */,
				BF5298832584D1AF00D41B1F /* HomeViewController.swift in Sources */,
				BF01ACD42581460F004DD088 /* CreateProfileViewController.swift in Sources */,
				BF355881257E986F00EA1CCE /* GradientView.swift in Sources */,
				BF52988C2584D1DF00D41B1F /* MoreViewController.swift in Sources */,
				BF52987E2584CD4300D41B1F /* SuperHomeViewController.swift in Sources */,
				BF93E47225BED5C3003DAB4F /* TstoDate.swift in Sources */,
				BF8187EC258A7DEC006482C6 /* ScheduleTableViewCell.swift in Sources */,
				BF5298892584D1D100D41B1F /* MyClassesViewController.swift in Sources */,
				BFE406AF2591177100654944 /* IndicatorExtension.swift in Sources */,
				BF93E46F25BECCFF003DAB4F /* DateDif.swift in Sources */,
				BF59996525934FE900212BEB /* UserModel.swift in Sources */,
				BF8187A3258A31B9006482C6 /* ScheduleModel.swift in Sources */,
				BFC9225A25800E1400731EDB /* VerifyOtpViewController.swift in Sources */,
				BF7F5AF3258FB3CB002F68B1 /* DemoFoldingCell.swift in Sources */,
				BF7F5AF9258FBCDA002F68B1 /* MyClassesCellTableViewCell.swift in Sources */,
				BF355865257E90E800EA1CCE /* AppDelegate.swift in Sources */,
				BF04E14525C7D74E00BF05F5 /* InternetConnectivity.swift in Sources */,
				BF058BEC258BC33A00F15055 /* CardViewTabUi.swift in Sources */,
				BF355867257E90E800EA1CCE /* SceneDelegate.swift in Sources */,
			);
			runOnlyForDeploymentPostprocessing = 0;
		};
/* End PBXSourcesBuildPhase section */

/* Begin PBXVariantGroup section */
		BF35586A257E90E800EA1CCE /* Main.storyboard */ = {
			isa = PBXVariantGroup;
			children = (
				BF35586B257E90E800EA1CCE /* Base */,
			);
			name = Main.storyboard;
			sourceTree = "<group>";
		};
		BF35586F257E90EA00EA1CCE /* LaunchScreen.storyboard */ = {
			isa = PBXVariantGroup;
			children = (
				BF355870257E90EA00EA1CCE /* Base */,
			);
			name = LaunchScreen.storyboard;
			sourceTree = "<group>";
		};
/* End PBXVariantGroup section */

/* Begin XCBuildConfiguration section */
		BF355873257E90EA00EA1CCE /* Debug */ = {
			isa = XCBuildConfiguration;
			buildSettings = {
				ALWAYS_SEARCH_USER_PATHS = NO;
				CLANG_ANALYZER_NONNULL = YES;
				CLANG_ANALYZER_NUMBER_OBJECT_CONVERSION = YES_AGGRESSIVE;
				CLANG_CXX_LANGUAGE_STANDARD = "gnu++14";
				CLANG_CXX_LIBRARY = "libc++";
				CLANG_ENABLE_MODULES = YES;
				CLANG_ENABLE_OBJC_ARC = YES;
				CLANG_ENABLE_OBJC_WEAK = YES;
				CLANG_WARN_BLOCK_CAPTURE_AUTORELEASING = YES;
				CLANG_WARN_BOOL_CONVERSION = YES;
				CLANG_WARN_COMMA = YES;
				CLANG_WARN_CONSTANT_CONVERSION = YES;
				CLANG_WARN_DEPRECATED_OBJC_IMPLEMENTATIONS = YES;
				CLANG_WARN_DIRECT_OBJC_ISA_USAGE = YES_ERROR;
				CLANG_WARN_DOCUMENTATION_COMMENTS = YES;
				CLANG_WARN_EMPTY_BODY = YES;
				CLANG_WARN_ENUM_CONVERSION = YES;
				CLANG_WARN_INFINITE_RECURSION = YES;
				CLANG_WARN_INT_CONVERSION = YES;
				CLANG_WARN_NON_LITERAL_NULL_CONVERSION = YES;
				CLANG_WARN_OBJC_IMPLICIT_RETAIN_SELF = YES;
				CLANG_WARN_OBJC_LITERAL_CONVERSION = YES;
				CLANG_WARN_OBJC_ROOT_CLASS = YES_ERROR;
				CLANG_WARN_QUOTED_INCLUDE_IN_FRAMEWORK_HEADER = YES;
				CLANG_WARN_RANGE_LOOP_ANALYSIS = YES;
				CLANG_WARN_STRICT_PROTOTYPES = YES;
				CLANG_WARN_SUSPICIOUS_MOVE = YES;
				CLANG_WARN_UNGUARDED_AVAILABILITY = YES_AGGRESSIVE;
				CLANG_WARN_UNREACHABLE_CODE = YES;
				CLANG_WARN__DUPLICATE_METHOD_MATCH = YES;
				COPY_PHASE_STRIP = NO;
				DEBUG_INFORMATION_FORMAT = dwarf;
				ENABLE_STRICT_OBJC_MSGSEND = YES;
				ENABLE_TESTABILITY = YES;
				GCC_C_LANGUAGE_STANDARD = gnu11;
				GCC_DYNAMIC_NO_PIC = NO;
				GCC_NO_COMMON_BLOCKS = YES;
				GCC_OPTIMIZATION_LEVEL = 0;
				GCC_PREPROCESSOR_DEFINITIONS = (
					"DEBUG=1",
					"$(inherited)",
				);
				GCC_WARN_64_TO_32_BIT_CONVERSION = YES;
				GCC_WARN_ABOUT_RETURN_TYPE = YES_ERROR;
				GCC_WARN_UNDECLARED_SELECTOR = YES;
				GCC_WARN_UNINITIALIZED_AUTOS = YES_AGGRESSIVE;
				GCC_WARN_UNUSED_FUNCTION = YES;
				GCC_WARN_UNUSED_VARIABLE = YES;
				IPHONEOS_DEPLOYMENT_TARGET = 14.2;
				MTL_ENABLE_DEBUG_INFO = INCLUDE_SOURCE;
				MTL_FAST_MATH = YES;
				ONLY_ACTIVE_ARCH = YES;
				SDKROOT = iphoneos;
				SWIFT_ACTIVE_COMPILATION_CONDITIONS = DEBUG;
				SWIFT_OPTIMIZATION_LEVEL = "-Onone";
			};
			name = Debug;
		};
		BF355874257E90EA00EA1CCE /* Release */ = {
			isa = XCBuildConfiguration;
			buildSettings = {
				ALWAYS_SEARCH_USER_PATHS = NO;
				CLANG_ANALYZER_NONNULL = YES;
				CLANG_ANALYZER_NUMBER_OBJECT_CONVERSION = YES_AGGRESSIVE;
				CLANG_CXX_LANGUAGE_STANDARD = "gnu++14";
				CLANG_CXX_LIBRARY = "libc++";
				CLANG_ENABLE_MODULES = YES;
				CLANG_ENABLE_OBJC_ARC = YES;
				CLANG_ENABLE_OBJC_WEAK = YES;
				CLANG_WARN_BLOCK_CAPTURE_AUTORELEASING = YES;
				CLANG_WARN_BOOL_CONVERSION = YES;
				CLANG_WARN_COMMA = YES;
				CLANG_WARN_CONSTANT_CONVERSION = YES;
				CLANG_WARN_DEPRECATED_OBJC_IMPLEMENTATIONS = YES;
				CLANG_WARN_DIRECT_OBJC_ISA_USAGE = YES_ERROR;
				CLANG_WARN_DOCUMENTATION_COMMENTS = YES;
				CLANG_WARN_EMPTY_BODY = YES;
				CLANG_WARN_ENUM_CONVERSION = YES;
				CLANG_WARN_INFINITE_RECURSION = YES;
				CLANG_WARN_INT_CONVERSION = YES;
				CLANG_WARN_NON_LITERAL_NULL_CONVERSION = YES;
				CLANG_WARN_OBJC_IMPLICIT_RETAIN_SELF = YES;
				CLANG_WARN_OBJC_LITERAL_CONVERSION = YES;
				CLANG_WARN_OBJC_ROOT_CLASS = YES_ERROR;
				CLANG_WARN_QUOTED_INCLUDE_IN_FRAMEWORK_HEADER = YES;
				CLANG_WARN_RANGE_LOOP_ANALYSIS = YES;
				CLANG_WARN_STRICT_PROTOTYPES = YES;
				CLANG_WARN_SUSPICIOUS_MOVE = YES;
				CLANG_WARN_UNGUARDED_AVAILABILITY = YES_AGGRESSIVE;
				CLANG_WARN_UNREACHABLE_CODE = YES;
				CLANG_WARN__DUPLICATE_METHOD_MATCH = YES;
				COPY_PHASE_STRIP = NO;
				DEBUG_INFORMATION_FORMAT = "dwarf-with-dsym";
				ENABLE_NS_ASSERTIONS = NO;
				ENABLE_STRICT_OBJC_MSGSEND = YES;
				GCC_C_LANGUAGE_STANDARD = gnu11;
				GCC_NO_COMMON_BLOCKS = YES;
				GCC_WARN_64_TO_32_BIT_CONVERSION = YES;
				GCC_WARN_ABOUT_RETURN_TYPE = YES_ERROR;
				GCC_WARN_UNDECLARED_SELECTOR = YES;
				GCC_WARN_UNINITIALIZED_AUTOS = YES_AGGRESSIVE;
				GCC_WARN_UNUSED_FUNCTION = YES;
				GCC_WARN_UNUSED_VARIABLE = YES;
				IPHONEOS_DEPLOYMENT_TARGET = 14.2;
				MTL_ENABLE_DEBUG_INFO = NO;
				MTL_FAST_MATH = YES;
				SDKROOT = iphoneos;
				SWIFT_COMPILATION_MODE = wholemodule;
				SWIFT_OPTIMIZATION_LEVEL = "-O";
				VALIDATE_PRODUCT = YES;
			};
			name = Release;
		};
		BF355876257E90EA00EA1CCE /* Debug */ = {
			isa = XCBuildConfiguration;
			baseConfigurationReference = 8641F4EBCBB47C736A0ADDC1 /* Pods-EladTraining.debug.xcconfig */;
			buildSettings = {
				ASSETCATALOG_COMPILER_APPICON_NAME = AppIcon;
				ASSETCATALOG_COMPILER_GLOBAL_ACCENT_COLOR_NAME = AccentColor;
				CODE_SIGN_ENTITLEMENTS = EladTraining/EladTraining.entitlements;
				CODE_SIGN_STYLE = Automatic;
				CURRENT_PROJECT_VERSION = 6;
				DEVELOPMENT_TEAM = 269WT5GLD9;
				INFOPLIST_FILE = EladTraining/Info.plist;
				IPHONEOS_DEPLOYMENT_TARGET = 13.3;
				LD_RUNPATH_SEARCH_PATHS = (
					"$(inherited)",
					"@executable_path/Frameworks",
				);
				MARKETING_VERSION = 1.5;
				PRODUCT_BUNDLE_IDENTIFIER = com.elad.training;
				PRODUCT_NAME = "$(TARGET_NAME)";
				SWIFT_VERSION = 5.0;
				TARGETED_DEVICE_FAMILY = 1;
			};
			name = Debug;
		};
		BF355877257E90EA00EA1CCE /* Release */ = {
			isa = XCBuildConfiguration;
			baseConfigurationReference = 7BE88214F8173EA342F16F3C /* Pods-EladTraining.release.xcconfig */;
			buildSettings = {
				ASSETCATALOG_COMPILER_APPICON_NAME = AppIcon;
				ASSETCATALOG_COMPILER_GLOBAL_ACCENT_COLOR_NAME = AccentColor;
				CODE_SIGN_ENTITLEMENTS = EladTraining/EladTraining.entitlements;
				CODE_SIGN_STYLE = Automatic;
				CURRENT_PROJECT_VERSION = 6;
				DEVELOPMENT_TEAM = 269WT5GLD9;
				INFOPLIST_FILE = EladTraining/Info.plist;
				IPHONEOS_DEPLOYMENT_TARGET = 13.3;
				LD_RUNPATH_SEARCH_PATHS = (
					"$(inherited)",
					"@executable_path/Frameworks",
				);
				MARKETING_VERSION = 1.5;
				PRODUCT_BUNDLE_IDENTIFIER = com.elad.training;
				PRODUCT_NAME = "$(TARGET_NAME)";
				SWIFT_VERSION = 5.0;
				TARGETED_DEVICE_FAMILY = 1;
			};
			name = Release;
		};
/* End XCBuildConfiguration section */

/* Begin XCConfigurationList section */
		BF35585C257E90E800EA1CCE /* Build configuration list for PBXProject "EladTraining" */ = {
			isa = XCConfigurationList;
			buildConfigurations = (
				BF355873257E90EA00EA1CCE /* Debug */,
				BF355874257E90EA00EA1CCE /* Release */,
			);
			defaultConfigurationIsVisible = 0;
			defaultConfigurationName = Release;
		};
		BF355875257E90EA00EA1CCE /* Build configuration list for PBXNativeTarget "EladTraining" */ = {
			isa = XCConfigurationList;
			buildConfigurations = (
				BF355876257E90EA00EA1CCE /* Debug */,
				BF355877257E90EA00EA1CCE /* Release */,
			);
			defaultConfigurationIsVisible = 0;
			defaultConfigurationName = Release;
		};
/* End XCConfigurationList section */
	};
	rootObject = BF355859257E90E800EA1CCE /* Project object */;
}
